
Microsoft Visual Studio Solution File, Format Version 12.00
# Visual Studio Version 16
VisualStudioVersion = 16.0.31321.278
MinimumVisualStudioVersion = 10.0.40219.1
Project("{FAE04EC0-301F-11D3-BF4B-00C04F79EFBC}") = "S3Sync", "S3Sync\S3Sync.csproj", "{D03429D9-EF16-4713-ABEE-5FE4307F69FD}"
EndProject
Global
	GlobalSection(SolutionConfigurationPlatforms) = preSolution
		Debug|Any CPU = Debug|Any CPU
		Release|Any CPU = Release|Any CPU
	EndGlobalSection
	GlobalSection(ProjectConfigurationPlatforms) = postSolution
		{D03429D9-EF16-4713-ABEE-5FE4307F69FD}.Debug|Any CPU.ActiveCfg = Debug|Any CPU
		{D03429D9-EF16-4713-ABEE-5FE4307F69FD}.Debug|Any CPU.Build.0 = Debug|Any CPU
		{D03429D9-EF16-4713-ABEE-5FE4307F69FD}.Release|Any CPU.ActiveCfg = Release|Any CPU
		{D03429D9-EF16-4713-ABEE-5FE4307F69FD}.Release|Any CPU.Build.0 = Release|Any CPU
	EndGlobalSection
	GlobalSection(SolutionProperties) = preSolution
		HideSolutionNode = FALSE
	EndGlobalSection
	GlobalSection(ExtensibilityGlobals) = postSolution
		SolutionGuid = {F8C64EDD-AEDB-4849-BB37-138BC38360D4}
	EndGlobalSection
EndGlobal
